
Microsoft Visual Studio Solution File, Format Version 12.00
# Visual Studio Version 16
VisualStudioVersion = 16.0.30804.86
MinimumVisualStudioVersion = 10.0.40219.1
Project("{FAE04EC0-301F-11D3-BF4B-00C04F79EFBC}") = "Synchronising_Metronomes_in_a_dotnet_core_program", "Synchronising_Metronomes_in_a_dotnet_core_program\Synchronising_Metronomes_in_a_dotnet_core_program.csproj", "{770E992C-E762-46D7-AF65-B6AAC06783E3}"
EndProject
Global
	GlobalSection(SolutionConfigurationPlatforms) = preSolution
		Debug|Any CPU = Debug|Any CPU
		Release|Any CPU = Release|Any CPU
	EndGlobalSection
	GlobalSection(ProjectConfigurationPlatforms) = postSolution
		{770E992C-E762-46D7-AF65-B6AAC06783E3}.Debug|Any CPU.ActiveCfg = Debug|Any CPU
		{770E992C-E762-46D7-AF65-B6AAC06783E3}.Debug|Any CPU.Build.0 = Debug|Any CPU
		{770E992C-E762-46D7-AF65-B6AAC06783E3}.Release|Any CPU.ActiveCfg = Release|Any CPU
		{770E992C-E762-46D7-AF65-B6AAC06783E3}.Release|Any CPU.Build.0 = Release|Any CPU
	EndGlobalSection
	GlobalSection(SolutionProperties) = preSolution
		HideSolutionNode = FALSE
	EndGlobalSection
	GlobalSection(ExtensibilityGlobals) = postSolution
		SolutionGuid = {7DA03D3F-EC02-43C2-88FC-24BE8FB774E1}
	EndGlobalSection
EndGlobal
